// !$*UTF8*$!
{
	archiveVersion = 1;
	classes = {
	};
	objectVersion = 51;
	objects = {

/* Begin PBXBuildFile section */
		A14A1CD3263147F6009CE24C /* Const.swift in Sources */ = {isa = PBXBuildFile; fileRef = A14A1CD2263147F6009CE24C /* Const.swift */; };
		A14A1CD72637A244009CE24C /* PostData.swift in Sources */ = {isa = PBXBuildFile; fileRef = A14A1CD62637A244009CE24C /* PostData.swift */; };
		A14A1CDD2637A42A009CE24C /* PostTableViewCell.swift in Sources */ = {isa = PBXBuildFile; fileRef = A14A1CDB2637A42A009CE24C /* PostTableViewCell.swift */; };
		A14A1CDE2637A42A009CE24C /* PostTableViewCell.xib in Resources */ = {isa = PBXBuildFile; fileRef = A14A1CDC2637A42A009CE24C /* PostTableViewCell.xib */; };
		A183D11B26300ACB00665501 /* HUD.swift in Sources */ = {isa = PBXBuildFile; fileRef = A183D11A26300ACB00665501 /* HUD.swift */; };
		A19077092648EEC000753A71 /* Comment.swift in Sources */ = {isa = PBXBuildFile; fileRef = A19077082648EEC000753A71 /* Comment.swift */; };
		A19726252626D307008E1908 /* AppDelegate.swift in Sources */ = {isa = PBXBuildFile; fileRef = A19726242626D307008E1908 /* AppDelegate.swift */; };
		A19726272626D307008E1908 /* SceneDelegate.swift in Sources */ = {isa = PBXBuildFile; fileRef = A19726262626D307008E1908 /* SceneDelegate.swift */; };
		A197262C2626D307008E1908 /* Main.storyboard in Resources */ = {isa = PBXBuildFile; fileRef = A197262A2626D307008E1908 /* Main.storyboard */; };
		A197262E2626D309008E1908 /* Assets.xcassets in Resources */ = {isa = PBXBuildFile; fileRef = A197262D2626D309008E1908 /* Assets.xcassets */; };
		A19726312626D309008E1908 /* LaunchScreen.storyboard in Resources */ = {isa = PBXBuildFile; fileRef = A197262F2626D309008E1908 /* LaunchScreen.storyboard */; };
		A197263A2626D9EB008E1908 /* LoginViewController.swift in Sources */ = {isa = PBXBuildFile; fileRef = A19726392626D9EB008E1908 /* LoginViewController.swift */; };
		A1C8B3032627C63E000F2212 /* HomeViewController.swift in Sources */ = {isa = PBXBuildFile; fileRef = A1C8B3022627C63E000F2212 /* HomeViewController.swift */; };
		A1C8B3062627C64C000F2212 /* ImageSelectViewController.swift in Sources */ = {isa = PBXBuildFile; fileRef = A1C8B3052627C64C000F2212 /* ImageSelectViewController.swift */; };
		A1C8B3092627C6CA000F2212 /* PostViewController.swift in Sources */ = {isa = PBXBuildFile; fileRef = A1C8B3082627C6CA000F2212 /* PostViewController.swift */; };
		A1C8B30C2627C6D1000F2212 /* SettingViewController.swift in Sources */ = {isa = PBXBuildFile; fileRef = A1C8B30B2627C6D1000F2212 /* SettingViewController.swift */; };
		A1C8B3122628000C000F2212 /* TabBarController.swift in Sources */ = {isa = PBXBuildFile; fileRef = A1C8B3112628000C000F2212 /* TabBarController.swift */; };
		A1C8B31A26296500000F2212 /* GoogleService-Info.plist in Resources */ = {isa = PBXBuildFile; fileRef = A1C8B31926296500000F2212 /* GoogleService-Info.plist */; };
		BD013BD2C7CDBD4B97DDB790 /* Pods_Instagram.framework in Frameworks */ = {isa = PBXBuildFile; fileRef = A784E960559BF3809B458CAC /* Pods_Instagram.framework */; };
/* End PBXBuildFile section */

/* Begin PBXFileReference section */
		3D8FD50468F1D9ED41EA86CA /* Pods-Instagram.release.xcconfig */ = {isa = PBXFileReference; includeInIndex = 1; lastKnownFileType = text.xcconfig; name = "Pods-Instagram.release.xcconfig"; path = "Target Support Files/Pods-Instagram/Pods-Instagram.release.xcconfig"; sourceTree = "<group>"; };
		5D5EF0FC0D37A2305288A47F /* Pods-Instagram.debug.xcconfig */ = {isa = PBXFileReference; includeInIndex = 1; lastKnownFileType = text.xcconfig; name = "Pods-Instagram.debug.xcconfig"; path = "Target Support Files/Pods-Instagram/Pods-Instagram.debug.xcconfig"; sourceTree = "<group>"; };
		A14A1CD2263147F6009CE24C /* Const.swift */ = {isa = PBXFileReference; lastKnownFileType = sourcecode.swift; path = Const.swift; sourceTree = "<group>"; };
		A14A1CD62637A244009CE24C /* PostData.swift */ = {isa = PBXFileReference; lastKnownFileType = sourcecode.swift; path = PostData.swift; sourceTree = "<group>"; };
		A14A1CDB2637A42A009CE24C /* PostTableViewCell.swift */ = {isa = PBXFileReference; lastKnownFileType = sourcecode.swift; path = PostTableViewCell.swift; sourceTree = "<group>"; };
		A14A1CDC2637A42A009CE24C /* PostTableViewCell.xib */ = {isa = PBXFileReference; lastKnownFileType = file.xib; path = PostTableViewCell.xib; sourceTree = "<group>"; };
		A183D11A26300ACB00665501 /* HUD.swift */ = {isa = PBXFileReference; lastKnownFileType = sourcecode.swift; path = HUD.swift; sourceTree = "<group>"; };
		A19077082648EEC000753A71 /* Comment.swift */ = {isa = PBXFileReference; lastKnownFileType = sourcecode.swift; path = Comment.swift; sourceTree = "<group>"; };
		A19726212626D307008E1908 /* Instagram.app */ = {isa = PBXFileReference; explicitFileType = wrapper.application; includeInIndex = 0; path = Instagram.app; sourceTree = BUILT_PRODUCTS_DIR; };
		A19726242626D307008E1908 /* AppDelegate.swift */ = {isa = PBXFileReference; lastKnownFileType = sourcecode.swift; path = AppDelegate.swift; sourceTree = "<group>"; };
		A19726262626D307008E1908 /* SceneDelegate.swift */ = {isa = PBXFileReference; lastKnownFileType = sourcecode.swift; path = SceneDelegate.swift; sourceTree = "<group>"; };
		A197262B2626D307008E1908 /* Base */ = {isa = PBXFileReference; lastKnownFileType = file.storyboard; name = Base; path = Base.lproj/Main.storyboard; sourceTree = "<group>"; };
		A197262D2626D309008E1908 /* Assets.xcassets */ = {isa = PBXFileReference; lastKnownFileType = folder.assetcatalog; path = Assets.xcassets; sourceTree = "<group>"; };
		A19726302626D309008E1908 /* Base */ = {isa = PBXFileReference; lastKnownFileType = file.storyboard; name = Base; path = Base.lproj/LaunchScreen.storyboard; sourceTree = "<group>"; };
		A19726322626D309008E1908 /* Info.plist */ = {isa = PBXFileReference; lastKnownFileType = text.plist.xml; path = Info.plist; sourceTree = "<group>"; };
		A19726392626D9EB008E1908 /* LoginViewController.swift */ = {isa = PBXFileReference; lastKnownFileType = sourcecode.swift; path = LoginViewController.swift; sourceTree = "<group>"; };
		A1C8B3022627C63E000F2212 /* HomeViewController.swift */ = {isa = PBXFileReference; lastKnownFileType = sourcecode.swift; path = HomeViewController.swift; sourceTree = "<group>"; };
		A1C8B3052627C64C000F2212 /* ImageSelectViewController.swift */ = {isa = PBXFileReference; lastKnownFileType = sourcecode.swift; path = ImageSelectViewController.swift; sourceTree = "<group>"; };
		A1C8B3082627C6CA000F2212 /* PostViewController.swift */ = {isa = PBXFileReference; lastKnownFileType = sourcecode.swift; path = PostViewController.swift; sourceTree = "<group>"; };
		A1C8B30B2627C6D1000F2212 /* SettingViewController.swift */ = {isa = PBXFileReference; lastKnownFileType = sourcecode.swift; path = SettingViewController.swift; sourceTree = "<group>"; };
		A1C8B3112628000C000F2212 /* TabBarController.swift */ = {isa = PBXFileReference; lastKnownFileType = sourcecode.swift; name = TabBarController.swift; path = Instagram/TabBarController.swift; sourceTree = SOURCE_ROOT; };
		A1C8B31926296500000F2212 /* GoogleService-Info.plist */ = {isa = PBXFileReference; fileEncoding = 4; lastKnownFileType = text.plist.xml; path = "GoogleService-Info.plist"; sourceTree = "<group>"; };
		A784E960559BF3809B458CAC /* Pods_Instagram.framework */ = {isa = PBXFileReference; explicitFileType = wrapper.framework; includeInIndex = 0; path = Pods_Instagram.framework; sourceTree = BUILT_PRODUCTS_DIR; };
/* End PBXFileReference section */

/* Begin PBXFrameworksBuildPhase section */
		A197261E2626D307008E1908 /* Frameworks */ = {
			isa = PBXFrameworksBuildPhase;
			buildActionMask = 2147483647;
			files = (
				BD013BD2C7CDBD4B97DDB790 /* Pods_Instagram.framework in Frameworks */,
			);
			runOnlyForDeploymentPostprocessing = 0;
		};
/* End PBXFrameworksBuildPhase section */

/* Begin PBXGroup section */
		49CD1E918D4ACC89D8279A9C /* Frameworks */ = {
			isa = PBXGroup;
			children = (
				A784E960559BF3809B458CAC /* Pods_Instagram.framework */,
			);
			name = Frameworks;
			sourceTree = "<group>";
		};
		A14A1CD52637A22E009CE24C /* Models */ = {
			isa = PBXGroup;
			children = (
				A14A1CD62637A244009CE24C /* PostData.swift */,
				A19077082648EEC000753A71 /* Comment.swift */,
			);
			path = Models;
			sourceTree = "<group>";
		};
		A14A1CDA2637A405009CE24C /* Views */ = {
			isa = PBXGroup;
			children = (
				A14A1CDB2637A42A009CE24C /* PostTableViewCell.swift */,
				A14A1CDC2637A42A009CE24C /* PostTableViewCell.xib */,
			);
			path = Views;
			sourceTree = "<group>";
		};
		A183D11926300AB700665501 /* Common */ = {
			isa = PBXGroup;
			children = (
				A183D11A26300ACB00665501 /* HUD.swift */,
				A14A1CD2263147F6009CE24C /* Const.swift */,
			);
			path = Common;
			sourceTree = "<group>";
		};
		A19726182626D307008E1908 = {
			isa = PBXGroup;
			children = (
				A19726232626D307008E1908 /* Instagram */,
				A19726222626D307008E1908 /* Products */,
				A573F426434423661F8F4A43 /* Pods */,
				49CD1E918D4ACC89D8279A9C /* Frameworks */,
			);
			sourceTree = "<group>";
		};
		A19726222626D307008E1908 /* Products */ = {
			isa = PBXGroup;
			children = (
				A19726212626D307008E1908 /* Instagram.app */,
			);
			name = Products;
			sourceTree = "<group>";
		};
		A19726232626D307008E1908 /* Instagram */ = {
			isa = PBXGroup;
			children = (
				A19726242626D307008E1908 /* AppDelegate.swift */,
				A19726262626D307008E1908 /* SceneDelegate.swift */,
				A197262A2626D307008E1908 /* Main.storyboard */,
				A14A1CD52637A22E009CE24C /* Models */,
				A183D11926300AB700665501 /* Common */,
				A1C8B30E2627C6D6000F2212 /* ViewControllers */,
				A14A1CDA2637A405009CE24C /* Views */,
				A197262D2626D309008E1908 /* Assets.xcassets */,
				A197262F2626D309008E1908 /* LaunchScreen.storyboard */,
				A19726322626D309008E1908 /* Info.plist */,
				A1C8B31926296500000F2212 /* GoogleService-Info.plist */,
			);
			path = Instagram;
			sourceTree = "<group>";
		};
		A1C8B30E2627C6D6000F2212 /* ViewControllers */ = {
			isa = PBXGroup;
			children = (
				A1C8B3112628000C000F2212 /* TabBarController.swift */,
				A1C8B3022627C63E000F2212 /* HomeViewController.swift */,
				A1C8B3052627C64C000F2212 /* ImageSelectViewController.swift */,
				A1C8B30B2627C6D1000F2212 /* SettingViewController.swift */,
				A19726392626D9EB008E1908 /* LoginViewController.swift */,
				A1C8B3082627C6CA000F2212 /* PostViewController.swift */,
			);
			path = ViewControllers;
			sourceTree = "<group>";
		};
		A573F426434423661F8F4A43 /* Pods */ = {
			isa = PBXGroup;
			children = (
				5D5EF0FC0D37A2305288A47F /* Pods-Instagram.debug.xcconfig */,
				3D8FD50468F1D9ED41EA86CA /* Pods-Instagram.release.xcconfig */,
			);
			path = Pods;
			sourceTree = "<group>";
		};
/* End PBXGroup section */

/* Begin PBXNativeTarget section */
		A19726202626D307008E1908 /* Instagram */ = {
			isa = PBXNativeTarget;
			buildConfigurationList = A19726352626D309008E1908 /* Build configuration list for PBXNativeTarget "Instagram" */;
			buildPhases = (
				2DF64E0FAA5008BC71615009 /* [CP] Check Pods Manifest.lock */,
				A197261D2626D307008E1908 /* Sources */,
				A197261E2626D307008E1908 /* Frameworks */,
				A197261F2626D307008E1908 /* Resources */,
				CCE11BB5EF25C248BC83631A /* [CP] Embed Pods Frameworks */,
			);
			buildRules = (
			);
			dependencies = (
			);
			name = Instagram;
			productName = Instagram;
			productReference = A19726212626D307008E1908 /* Instagram.app */;
			productType = "com.apple.product-type.application";
		};
/* End PBXNativeTarget section */

/* Begin PBXProject section */
		A19726192626D307008E1908 /* Project object */ = {
			isa = PBXProject;
			attributes = {
				LastSwiftUpdateCheck = 1240;
				LastUpgradeCheck = 1240;
				TargetAttributes = {
					A19726202626D307008E1908 = {
						CreatedOnToolsVersion = 12.4;
					};
				};
			};
			buildConfigurationList = A197261C2626D307008E1908 /* Build configuration list for PBXProject "Instagram" */;
			compatibilityVersion = "Xcode 9.3";
			developmentRegion = en;
			hasScannedForEncodings = 0;
			knownRegions = (
				en,
				Base,
			);
			mainGroup = A19726182626D307008E1908;
			productRefGroup = A19726222626D307008E1908 /* Products */;
			projectDirPath = "";
			projectRoot = "";
			targets = (
				A19726202626D307008E1908 /* Instagram */,
			);
		};
/* End PBXProject section */

/* Begin PBXResourcesBuildPhase section */
		A197261F2626D307008E1908 /* Resources */ = {
			isa = PBXResourcesBuildPhase;
			buildActionMask = 2147483647;
			files = (
				A19726312626D309008E1908 /* LaunchScreen.storyboard in Resources */,
				A14A1CDE2637A42A009CE24C /* PostTableViewCell.xib in Resources */,
				A1C8B31A26296500000F2212 /* GoogleService-Info.plist in Resources */,
				A197262E2626D309008E1908 /* Assets.xcassets in Resources */,
				A197262C2626D307008E1908 /* Main.storyboard in Resources */,
			);
			runOnlyForDeploymentPostprocessing = 0;
		};
/* End PBXResourcesBuildPhase section */

/* Begin PBXShellScriptBuildPhase section */
		2DF64E0FAA5008BC71615009 /* [CP] Check Pods Manifest.lock */ = {
			isa = PBXShellScriptBuildPhase;
			buildActionMask = 2147483647;
			files = (
			);
			inputFileListPaths = (
			);
			inputPaths = (
				"${PODS_PODFILE_DIR_PATH}/Podfile.lock",
				"${PODS_ROOT}/Manifest.lock",
			);
			name = "[CP] Check Pods Manifest.lock";
			outputFileListPaths = (
			);
			outputPaths = (
				"$(DERIVED_FILE_DIR)/Pods-Instagram-checkManifestLockResult.txt",
			);
			runOnlyForDeploymentPostprocessing = 0;
			shellPath = /bin/sh;
			shellScript = "diff \"${PODS_PODFILE_DIR_PATH}/Podfile.lock\" \"${PODS_ROOT}/Manifest.lock\" > /dev/null\nif [ $? != 0 ] ; then\n    # print error to STDERR\n    echo \"error: The sandbox is not in sync with the Podfile.lock. Run 'pod install' or update your CocoaPods installation.\" >&2\n    exit 1\nfi\n# This output is used by Xcode 'outputs' to avoid re-running this script phase.\necho \"SUCCESS\" > \"${SCRIPT_OUTPUT_FILE_0}\"\n";
			showEnvVarsInLog = 0;
		};
		CCE11BB5EF25C248BC83631A /* [CP] Embed Pods Frameworks */ = {
			isa = PBXShellScriptBuildPhase;
			buildActionMask = 2147483647;
			files = (
			);
			inputFileListPaths = (
				"${PODS_ROOT}/Target Support Files/Pods-Instagram/Pods-Instagram-frameworks-${CONFIGURATION}-input-files.xcfilelist",
			);
			name = "[CP] Embed Pods Frameworks";
			outputFileListPaths = (
				"${PODS_ROOT}/Target Support Files/Pods-Instagram/Pods-Instagram-frameworks-${CONFIGURATION}-output-files.xcfilelist",
			);
			runOnlyForDeploymentPostprocessing = 0;
			shellPath = /bin/sh;
			shellScript = "\"${PODS_ROOT}/Target Support Files/Pods-Instagram/Pods-Instagram-frameworks.sh\"\n";
			showEnvVarsInLog = 0;
		};
/* End PBXShellScriptBuildPhase section */

/* Begin PBXSourcesBuildPhase section */
		A197261D2626D307008E1908 /* Sources */ = {
			isa = PBXSourcesBuildPhase;
			buildActionMask = 2147483647;
			files = (
				A1C8B3062627C64C000F2212 /* ImageSelectViewController.swift in Sources */,
				A1C8B3122628000C000F2212 /* TabBarController.swift in Sources */,
				A1C8B3032627C63E000F2212 /* HomeViewController.swift in Sources */,
				A1C8B3092627C6CA000F2212 /* PostViewController.swift in Sources */,
				A183D11B26300ACB00665501 /* HUD.swift in Sources */,
				A1C8B30C2627C6D1000F2212 /* SettingViewController.swift in Sources */,
				A197263A2626D9EB008E1908 /* LoginViewController.swift in Sources */,
				A19726252626D307008E1908 /* AppDelegate.swift in Sources */,
				A19077092648EEC000753A71 /* Comment.swift in Sources */,
				A19726272626D307008E1908 /* SceneDelegate.swift in Sources */,
				A14A1CD72637A244009CE24C /* PostData.swift in Sources */,
				A14A1CD3263147F6009CE24C /* Const.swift in Sources */,
				A14A1CDD2637A42A009CE24C /* PostTableViewCell.swift in Sources */,
			);
			runOnlyForDeploymentPostprocessing = 0;
		};
/* End PBXSourcesBuildPhase section */

/* Begin PBXVariantGroup section */
		A197262A2626D307008E1908 /* Main.storyboard */ = {
			isa = PBXVariantGroup;
			children = (
				A197262B2626D307008E1908 /* Base */,
			);
			name = Main.storyboard;
			sourceTree = "<group>";
		};
		A197262F2626D309008E1908 /* LaunchScreen.storyboard */ = {
			isa = PBXVariantGroup;
			children = (
				A19726302626D309008E1908 /* Base */,
			);
			name = LaunchScreen.storyboard;
			sourceTree = "<group>";
		};
/* End PBXVariantGroup section */

/* Begin XCBuildConfiguration section */
		A19726332626D309008E1908 /* Debug */ = {
			isa = XCBuildConfiguration;
			buildSettings = {
				ALWAYS_SEARCH_USER_PATHS = NO;
				CLANG_ANALYZER_NONNULL = YES;
				CLANG_ANALYZER_NUMBER_OBJECT_CONVERSION = YES_AGGRESSIVE;
				CLANG_CXX_LANGUAGE_STANDARD = "gnu++14";
				CLANG_CXX_LIBRARY = "libc++";
				CLANG_ENABLE_MODULES = YES;
				CLANG_ENABLE_OBJC_ARC = YES;
				CLANG_ENABLE_OBJC_WEAK = YES;
				CLANG_WARN_BLOCK_CAPTURE_AUTORELEASING = YES;
				CLANG_WARN_BOOL_CONVERSION = YES;
				CLANG_WARN_COMMA = YES;
				CLANG_WARN_CONSTANT_CONVERSION = YES;
				CLANG_WARN_DEPRECATED_OBJC_IMPLEMENTATIONS = YES;
				CLANG_WARN_DIRECT_OBJC_ISA_USAGE = YES_ERROR;
				CLANG_WARN_DOCUMENTATION_COMMENTS = YES;
				CLANG_WARN_EMPTY_BODY = YES;
				CLANG_WARN_ENUM_CONVERSION = YES;
				CLANG_WARN_INFINITE_RECURSION = YES;
				CLANG_WARN_INT_CONVERSION = YES;
				CLANG_WARN_NON_LITERAL_NULL_CONVERSION = YES;
				CLANG_WARN_OBJC_IMPLICIT_RETAIN_SELF = YES;
				CLANG_WARN_OBJC_LITERAL_CONVERSION = YES;
				CLANG_WARN_OBJC_ROOT_CLASS = YES_ERROR;
				CLANG_WARN_QUOTED_INCLUDE_IN_FRAMEWORK_HEADER = YES;
				CLANG_WARN_RANGE_LOOP_ANALYSIS = YES;
				CLANG_WARN_STRICT_PROTOTYPES = YES;
				CLANG_WARN_SUSPICIOUS_MOVE = YES;
				CLANG_WARN_UNGUARDED_AVAILABILITY = YES_AGGRESSIVE;
				CLANG_WARN_UNREACHABLE_CODE = YES;
				CLANG_WARN__DUPLICATE_METHOD_MATCH = YES;
				COPY_PHASE_STRIP = NO;
				DEBUG_INFORMATION_FORMAT = dwarf;
				ENABLE_STRICT_OBJC_MSGSEND = YES;
				ENABLE_TESTABILITY = YES;
				GCC_C_LANGUAGE_STANDARD = gnu11;
				GCC_DYNAMIC_NO_PIC = NO;
				GCC_NO_COMMON_BLOCKS = YES;
				GCC_OPTIMIZATION_LEVEL = 0;
				GCC_PREPROCESSOR_DEFINITIONS = (
					"DEBUG=1",
					"$(inherited)",
				);
				GCC_WARN_64_TO_32_BIT_CONVERSION = YES;
				GCC_WARN_ABOUT_RETURN_TYPE = YES_ERROR;
				GCC_WARN_UNDECLARED_SELECTOR = YES;
				GCC_WARN_UNINITIALIZED_AUTOS = YES_AGGRESSIVE;
				GCC_WARN_UNUSED_FUNCTION = YES;
				GCC_WARN_UNUSED_VARIABLE = YES;
				IPHONEOS_DEPLOYMENT_TARGET = 14.4;
				MTL_ENABLE_DEBUG_INFO = INCLUDE_SOURCE;
				MTL_FAST_MATH = YES;
				ONLY_ACTIVE_ARCH = YES;
				SDKROOT = iphoneos;
				SWIFT_ACTIVE_COMPILATION_CONDITIONS = DEBUG;
				SWIFT_OPTIMIZATION_LEVEL = "-Onone";
			};
			name = Debug;
		};
		A19726342626D309008E1908 /* Release */ = {
			isa = XCBuildConfiguration;
			buildSettings = {
				ALWAYS_SEARCH_USER_PATHS = NO;
				CLANG_ANALYZER_NONNULL = YES;
				CLANG_ANALYZER_NUMBER_OBJECT_CONVERSION = YES_AGGRESSIVE;
				CLANG_CXX_LANGUAGE_STANDARD = "gnu++14";
				CLANG_CXX_LIBRARY = "libc++";
				CLANG_ENABLE_MODULES = YES;
				CLANG_ENABLE_OBJC_ARC = YES;
				CLANG_ENABLE_OBJC_WEAK = YES;
				CLANG_WARN_BLOCK_CAPTURE_AUTORELEASING = YES;
				CLANG_WARN_BOOL_CONVERSION = YES;
				CLANG_WARN_COMMA = YES;
				CLANG_WARN_CONSTANT_CONVERSION = YES;
				CLANG_WARN_DEPRECATED_OBJC_IMPLEMENTATIONS = YES;
				CLANG_WARN_DIRECT_OBJC_ISA_USAGE = YES_ERROR;
				CLANG_WARN_DOCUMENTATION_COMMENTS = YES;
				CLANG_WARN_EMPTY_BODY = YES;
				CLANG_WARN_ENUM_CONVERSION = YES;
				CLANG_WARN_INFINITE_RECURSION = YES;
				CLANG_WARN_INT_CONVERSION = YES;
				CLANG_WARN_NON_LITERAL_NULL_CONVERSION = YES;
				CLANG_WARN_OBJC_IMPLICIT_RETAIN_SELF = YES;
				CLANG_WARN_OBJC_LITERAL_CONVERSION = YES;
				CLANG_WARN_OBJC_ROOT_CLASS = YES_ERROR;
				CLANG_WARN_QUOTED_INCLUDE_IN_FRAMEWORK_HEADER = YES;
				CLANG_WARN_RANGE_LOOP_ANALYSIS = YES;
				CLANG_WARN_STRICT_PROTOTYPES = YES;
				CLANG_WARN_SUSPICIOUS_MOVE = YES;
				CLANG_WARN_UNGUARDED_AVAILABILITY = YES_AGGRESSIVE;
				CLANG_WARN_UNREACHABLE_CODE = YES;
				CLANG_WARN__DUPLICATE_METHOD_MATCH = YES;
				COPY_PHASE_STRIP = NO;
				DEBUG_INFORMATION_FORMAT = "dwarf-with-dsym";
				ENABLE_NS_ASSERTIONS = NO;
				ENABLE_STRICT_OBJC_MSGSEND = YES;
				GCC_C_LANGUAGE_STANDARD = gnu11;
				GCC_NO_COMMON_BLOCKS = YES;
				GCC_WARN_64_TO_32_BIT_CONVERSION = YES;
				GCC_WARN_ABOUT_RETURN_TYPE = YES_ERROR;
				GCC_WARN_UNDECLARED_SELECTOR = YES;
				GCC_WARN_UNINITIALIZED_AUTOS = YES_AGGRESSIVE;
				GCC_WARN_UNUSED_FUNCTION = YES;
				GCC_WARN_UNUSED_VARIABLE = YES;
				IPHONEOS_DEPLOYMENT_TARGET = 14.4;
				MTL_ENABLE_DEBUG_INFO = NO;
				MTL_FAST_MATH = YES;
				SDKROOT = iphoneos;
				SWIFT_COMPILATION_MODE = wholemodule;
				SWIFT_OPTIMIZATION_LEVEL = "-O";
				VALIDATE_PRODUCT = YES;
			};
			name = Release;
		};
		A19726362626D309008E1908 /* Debug */ = {
			isa = XCBuildConfiguration;
			baseConfigurationReference = 5D5EF0FC0D37A2305288A47F /* Pods-Instagram.debug.xcconfig */;
			buildSettings = {
				ASSETCATALOG_COMPILER_APPICON_NAME = AppIcon;
				ASSETCATALOG_COMPILER_GLOBAL_ACCENT_COLOR_NAME = AccentColor;
				CODE_SIGN_STYLE = Automatic;
				DEVELOPMENT_TEAM = CYWJ8XR6PA;
				INFOPLIST_FILE = Instagram/Info.plist;
				IPHONEOS_DEPLOYMENT_TARGET = 14.2;
				LD_RUNPATH_SEARCH_PATHS = (
					"$(inherited)",
					"@executable_path/Frameworks",
				);
				PRODUCT_BUNDLE_IDENTIFIER = jp.takatoshi.ichige.Instagram;
				PRODUCT_NAME = "$(TARGET_NAME)";
				SWIFT_VERSION = 5.0;
				TARGETED_DEVICE_FAMILY = "1,2";
			};
			name = Debug;
		};
		A19726372626D309008E1908 /* Release */ = {
			isa = XCBuildConfiguration;
			baseConfigurationReference = 3D8FD50468F1D9ED41EA86CA /* Pods-Instagram.release.xcconfig */;
			buildSettings = {
				ASSETCATALOG_COMPILER_APPICON_NAME = AppIcon;
				ASSETCATALOG_COMPILER_GLOBAL_ACCENT_COLOR_NAME = AccentColor;
				CODE_SIGN_STYLE = Automatic;
				DEVELOPMENT_TEAM = CYWJ8XR6PA;
				INFOPLIST_FILE = Instagram/Info.plist;
				IPHONEOS_DEPLOYMENT_TARGET = 14.2;
				LD_RUNPATH_SEARCH_PATHS = (
					"$(inherited)",
					"@executable_path/Frameworks",
				);
				PRODUCT_BUNDLE_IDENTIFIER = jp.takatoshi.ichige.Instagram;
				PRODUCT_NAME = "$(TARGET_NAME)";
				SWIFT_VERSION = 5.0;
				TARGETED_DEVICE_FAMILY = "1,2";
			};
			name = Release;
		};
/* End XCBuildConfiguration section */

/* Begin XCConfigurationList section */
		A197261C2626D307008E1908 /* Build configuration list for PBXProject "Instagram" */ = {
			isa = XCConfigurationList;
			buildConfigurations = (
				A19726332626D309008E1908 /* Debug */,
				A19726342626D309008E1908 /* Release */,
			);
			defaultConfigurationIsVisible = 0;
			defaultConfigurationName = Release;
		};
		A19726352626D309008E1908 /* Build configuration list for PBXNativeTarget "Instagram" */ = {
			isa = XCConfigurationList;
			buildConfigurations = (
				A19726362626D309008E1908 /* Debug */,
				A19726372626D309008E1908 /* Release */,
			);
			defaultConfigurationIsVisible = 0;
			defaultConfigurationName = Release;
		};
/* End XCConfigurationList section */
	};
	rootObject = A19726192626D307008E1908 /* Project object */;
}
